
Microsoft Visual Studio Solution File, Format Version 12.00
# Visual Studio 15
VisualStudioVersion = 15.0.28307.1022
MinimumVisualStudioVersion = 10.0.40219.1
Project("{8BC9CEB8-8B4A-11D0-8D11-00A0C91BC942}") = "EasyImageLib", "EasyImageLib.vcxproj", "{860D9897-6DE5-48A1-A618-475FAB81047F}"
EndProject
Project("{FAE04EC0-301F-11D3-BF4B-00C04F79EFBC}") = "EasyImageDemo", "..\EasyImageDemo\EasyImageDemo.csproj", "{178DE8B6-F468-4D12-98AB-B4FBE608A41A}"
EndProject
Global
	GlobalSection(SolutionConfigurationPlatforms) = preSolution
		Debug|Any CPU = Debug|Any CPU
		Debug|x64 = Debug|x64
		Debug|x86 = Debug|x86
		Release|Any CPU = Release|Any CPU
		Release|x64 = Release|x64
		Release|x86 = Release|x86
	EndGlobalSection
	GlobalSection(ProjectConfigurationPlatforms) = postSolution
		{860D9897-6DE5-48A1-A618-475FAB81047F}.Debug|Any CPU.ActiveCfg = Debug|Win32
		{860D9897-6DE5-48A1-A618-475FAB81047F}.Debug|x64.ActiveCfg = Debug|x64
		{860D9897-6DE5-48A1-A618-475FAB81047F}.Debug|x64.Build.0 = Debug|x64
		{860D9897-6DE5-48A1-A618-475FAB81047F}.Debug|x86.ActiveCfg = Debug|Win32
		{860D9897-6DE5-48A1-A618-475FAB81047F}.Debug|x86.Build.0 = Debug|Win32
		{860D9897-6DE5-48A1-A618-475FAB81047F}.Release|Any CPU.ActiveCfg = Release|Win32
		{860D9897-6DE5-48A1-A618-475FAB81047F}.Release|x64.ActiveCfg = Release|x64
		{860D9897-6DE5-48A1-A618-475FAB81047F}.Release|x64.Build.0 = Release|x64
		{860D9897-6DE5-48A1-A618-475FAB81047F}.Release|x86.ActiveCfg = Release|Win32
		{860D9897-6DE5-48A1-A618-475FAB81047F}.Release|x86.Build.0 = Release|Win32
		{178DE8B6-F468-4D12-98AB-B4FBE608A41A}.Debug|Any CPU.ActiveCfg = Debug|Any CPU
		{178DE8B6-F468-4D12-98AB-B4FBE608A41A}.Debug|Any CPU.Build.0 = Debug|Any CPU
		{178DE8B6-F468-4D12-98AB-B4FBE608A41A}.Debug|x64.ActiveCfg = Debug|Any CPU
		{178DE8B6-F468-4D12-98AB-B4FBE608A41A}.Debug|x64.Build.0 = Debug|Any CPU
		{178DE8B6-F468-4D12-98AB-B4FBE608A41A}.Debug|x86.ActiveCfg = Debug|Any CPU
		{178DE8B6-F468-4D12-98AB-B4FBE608A41A}.Debug|x86.Build.0 = Debug|Any CPU
		{178DE8B6-F468-4D12-98AB-B4FBE608A41A}.Release|Any CPU.ActiveCfg = Release|Any CPU
		{178DE8B6-F468-4D12-98AB-B4FBE608A41A}.Release|Any CPU.Build.0 = Release|Any CPU
		{178DE8B6-F468-4D12-98AB-B4FBE608A41A}.Release|x64.ActiveCfg = Release|Any CPU
		{178DE8B6-F468-4D12-98AB-B4FBE608A41A}.Release|x64.Build.0 = Release|Any CPU
		{178DE8B6-F468-4D12-98AB-B4FBE608A41A}.Release|x86.ActiveCfg = Release|Any CPU
		{178DE8B6-F468-4D12-98AB-B4FBE608A41A}.Release|x86.Build.0 = Release|Any CPU
	EndGlobalSection
	GlobalSection(SolutionProperties) = preSolution
		HideSolutionNode = FALSE
	EndGlobalSection
	GlobalSection(ExtensibilityGlobals) = postSolution
		SolutionGuid = {E858168B-05B9-4809-B356-9FDC456A3643}
	EndGlobalSection
EndGlobal
